
Microsoft Visual Studio Solution File, Format Version 12.00
# Visual Studio Version 17
VisualStudioVersion = 17.5.002.0
MinimumVisualStudioVersion = 10.0.40219.1
Project("{9A19103F-16F7-4668-BE54-9A1E7A4F7556}") = "TerminalVelocity", "TerminalVelocity\TerminalVelocity.csproj", "{F19B0E32-702C-476B-9DCB-11F86DEF0A9C}"
EndProject
Global
	GlobalSection(SolutionConfigurationPlatforms) = preSolution
		Debug|Any CPU = Debug|Any CPU
		Release|Any CPU = Release|Any CPU
	EndGlobalSection
	GlobalSection(ProjectConfigurationPlatforms) = postSolution
		{F19B0E32-702C-476B-9DCB-11F86DEF0A9C}.Debug|Any CPU.ActiveCfg = Debug|Any CPU
		{F19B0E32-702C-476B-9DCB-11F86DEF0A9C}.Debug|Any CPU.Build.0 = Debug|Any CPU
		{F19B0E32-702C-476B-9DCB-11F86DEF0A9C}.Release|Any CPU.ActiveCfg = Release|Any CPU
		{F19B0E32-702C-476B-9DCB-11F86DEF0A9C}.Release|Any CPU.Build.0 = Release|Any CPU
	EndGlobalSection
	GlobalSection(SolutionProperties) = preSolution
		HideSolutionNode = FALSE
	EndGlobalSection
	GlobalSection(ExtensibilityGlobals) = postSolution
		SolutionGuid = {D148D295-297D-494B-9641-D43D76A96734}
	EndGlobalSection
EndGlobal
