
Microsoft Visual Studio Solution File, Format Version 12.00
# Visual Studio Version 17
VisualStudioVersion = 17.5.002.0
MinimumVisualStudioVersion = 10.0.40219.1
Project("{9A19103F-16F7-4668-BE54-9A1E7A4F7556}") = "TerminalVelocity", "TerminalVelocity\TerminalVelocity.csproj", "{F19B0E32-702C-476B-9DCB-11F86DEF0A9C}"
EndProject
Project("{FAE04EC0-301F-11D3-BF4B-00C04F79EFBC}") = "ExampleApp", "ExampleApp\ExampleApp.csproj", "{0FA16B1B-FAB6-444F-B493-0F73B8AF3A2D}"
EndProject
Project("{FAE04EC0-301F-11D3-BF4B-00C04F79EFBC}") = "MonsterSim", "MonsterSim\MonsterSim.csproj", "{6F5B6568-7AC6-4219-B0EE-6F24BBC6FF4B}"
EndProject
Global
	GlobalSection(SolutionConfigurationPlatforms) = preSolution
		Debug|Any CPU = Debug|Any CPU
		Release|Any CPU = Release|Any CPU
	EndGlobalSection
	GlobalSection(ProjectConfigurationPlatforms) = postSolution
		{F19B0E32-702C-476B-9DCB-11F86DEF0A9C}.Debug|Any CPU.ActiveCfg = Debug|Any CPU
		{F19B0E32-702C-476B-9DCB-11F86DEF0A9C}.Debug|Any CPU.Build.0 = Debug|Any CPU
		{F19B0E32-702C-476B-9DCB-11F86DEF0A9C}.Release|Any CPU.ActiveCfg = Release|Any CPU
		{F19B0E32-702C-476B-9DCB-11F86DEF0A9C}.Release|Any CPU.Build.0 = Release|Any CPU
		{0FA16B1B-FAB6-444F-B493-0F73B8AF3A2D}.Debug|Any CPU.ActiveCfg = Debug|Any CPU
		{0FA16B1B-FAB6-444F-B493-0F73B8AF3A2D}.Debug|Any CPU.Build.0 = Debug|Any CPU
		{0FA16B1B-FAB6-444F-B493-0F73B8AF3A2D}.Release|Any CPU.ActiveCfg = Release|Any CPU
		{0FA16B1B-FAB6-444F-B493-0F73B8AF3A2D}.Release|Any CPU.Build.0 = Release|Any CPU
		{6F5B6568-7AC6-4219-B0EE-6F24BBC6FF4B}.Debug|Any CPU.ActiveCfg = Debug|Any CPU
		{6F5B6568-7AC6-4219-B0EE-6F24BBC6FF4B}.Debug|Any CPU.Build.0 = Debug|Any CPU
		{6F5B6568-7AC6-4219-B0EE-6F24BBC6FF4B}.Release|Any CPU.ActiveCfg = Release|Any CPU
		{6F5B6568-7AC6-4219-B0EE-6F24BBC6FF4B}.Release|Any CPU.Build.0 = Release|Any CPU
	EndGlobalSection
	GlobalSection(SolutionProperties) = preSolution
		HideSolutionNode = FALSE
	EndGlobalSection
	GlobalSection(ExtensibilityGlobals) = postSolution
		SolutionGuid = {D148D295-297D-494B-9641-D43D76A96734}
	EndGlobalSection
EndGlobal
